
Microsoft Visual Studio Solution File, Format Version 12.00
# Visual Studio Version 17
VisualStudioVersion = 17.14.36518.9
MinimumVisualStudioVersion = 10.0.40219.1
Project("{FAE04EC0-301F-11D3-BF4B-00C04F79EFBC}") = "DWM Library", "DWM Library\DWM Library.csproj", "{1F76ED24-F289-44D5-A567-6F96511B16A5}"
EndProject
Global
	GlobalSection(SolutionConfigurationPlatforms) = preSolution
		Debug|Any CPU = Debug|Any CPU
		Release|Any CPU = Release|Any CPU
	EndGlobalSection
	GlobalSection(ProjectConfigurationPlatforms) = postSolution
		{1F76ED24-F289-44D5-A567-6F96511B16A5}.Debug|Any CPU.ActiveCfg = Debug|Any CPU
		{1F76ED24-F289-44D5-A567-6F96511B16A5}.Debug|Any CPU.Build.0 = Debug|Any CPU
		{1F76ED24-F289-44D5-A567-6F96511B16A5}.Release|Any CPU.ActiveCfg = Release|Any CPU
		{1F76ED24-F289-44D5-A567-6F96511B16A5}.Release|Any CPU.Build.0 = Release|Any CPU
	EndGlobalSection
	GlobalSection(SolutionProperties) = preSolution
		HideSolutionNode = FALSE
	EndGlobalSection
	GlobalSection(ExtensibilityGlobals) = postSolution
		SolutionGuid = {87BD2296-2F63-45D1-BFA5-7F6E16EBD353}
	EndGlobalSection
EndGlobal
